
Microsoft Visual Studio Solution File, Format Version 12.00
# Visual Studio 15
VisualStudioVersion = 15.0.26730.16
MinimumVisualStudioVersion = 10.0.40219.1
Project("{FAE04EC0-301F-11D3-BF4B-00C04F79EFBC}") = "KNNDataMining", "KNNDataMining\KNNDataMining.csproj", "{7779F7E3-028E-4C98-88B2-066F05C19A85}"
EndProject
Global
	GlobalSection(SolutionConfigurationPlatforms) = preSolution
		Debug|Any CPU = Debug|Any CPU
		Release|Any CPU = Release|Any CPU
	EndGlobalSection
	GlobalSection(ProjectConfigurationPlatforms) = postSolution
		{7779F7E3-028E-4C98-88B2-066F05C19A85}.Debug|Any CPU.ActiveCfg = Debug|Any CPU
		{7779F7E3-028E-4C98-88B2-066F05C19A85}.Debug|Any CPU.Build.0 = Debug|Any CPU
		{7779F7E3-028E-4C98-88B2-066F05C19A85}.Release|Any CPU.ActiveCfg = Release|Any CPU
		{7779F7E3-028E-4C98-88B2-066F05C19A85}.Release|Any CPU.Build.0 = Release|Any CPU
	EndGlobalSection
	GlobalSection(SolutionProperties) = preSolution
		HideSolutionNode = FALSE
	EndGlobalSection
	GlobalSection(ExtensibilityGlobals) = postSolution
		SolutionGuid = {FE5345AE-CA2C-4C05-A830-0E929E8F40EF}
	EndGlobalSection
EndGlobal
